
Microsoft Visual Studio Solution File, Format Version 12.00
# Visual Studio 15
VisualStudioVersion = 15.0.27130.2010
MinimumVisualStudioVersion = 10.0.40219.1
Project("{FAE04EC0-301F-11D3-BF4B-00C04F79EFBC}") = "Dogfood", "src\Dogfood\Dogfood.csproj", "{DBBE7F97-A2EB-4F56-A6BB-AEB455F43CF5}"
EndProject
Project("{FAE04EC0-301F-11D3-BF4B-00C04F79EFBC}") = "Dogfood.Services.15.0", "src\Dogfood.Services.15.0\Dogfood.Services.15.0.csproj", "{EFC62DCA-BE25-4699-BA7A-445E0B34D3FA}"
EndProject
Project("{FAE04EC0-301F-11D3-BF4B-00C04F79EFBC}") = "Dogfood.Services.14.0", "src\Dogfood.Services.14.0\Dogfood.Services.14.0.csproj", "{136EB190-87C5-454D-A866-C65FD6C5F8BB}"
EndProject
Project("{FAE04EC0-301F-11D3-BF4B-00C04F79EFBC}") = "Dogfood.Exports", "src\Dogfood.Exports\Dogfood.Exports.csproj", "{36045D9C-C273-45AB-BDAB-965B91914DCF}"
EndProject
Project("{2150E333-8FDC-42A3-9474-1A3956D46DE8}") = "src", "src", "{DD7DD824-5FD5-4069-A0D5-2C311265192A}"
EndProject
Project("{FAE04EC0-301F-11D3-BF4B-00C04F79EFBC}") = "Dogfood.Services", "src\Dogfood.Services\Dogfood.Services.csproj", "{1B2AFDF1-6B01-42EA-A865-FAF508AF2F51}"
EndProject
Project("{2150E333-8FDC-42A3-9474-1A3956D46DE8}") = "Solution Items", "Solution Items", "{D66B6388-2F9F-42B5-9D64-28748F3C7AE2}"
	ProjectSection(SolutionItems) = preProject
		appveyor.yml = appveyor.yml
		azure-pipelines.yml = azure-pipelines.yml
		Publish-Vsix.ps1 = Publish-Vsix.ps1
		Publish.ps1 = Publish.ps1
		publishManifest.json = publishManifest.json
		README.md = README.md
		version.json = version.json
	EndProjectSection
EndProject
Project("{FAE04EC0-301F-11D3-BF4B-00C04F79EFBC}") = "Dogfood.Services.16.0", "src\Dogfood.Services.16.0\Dogfood.Services.16.0.csproj", "{70337588-3B2B-49F6-A0DF-E1C27CD608B3}"
EndProject
Global
	GlobalSection(SolutionConfigurationPlatforms) = preSolution
		Debug|Any CPU = Debug|Any CPU
		Debug|x86 = Debug|x86
		Release|Any CPU = Release|Any CPU
		Release|x86 = Release|x86
	EndGlobalSection
	GlobalSection(ProjectConfigurationPlatforms) = postSolution
		{DBBE7F97-A2EB-4F56-A6BB-AEB455F43CF5}.Debug|Any CPU.ActiveCfg = Debug|Any CPU
		{DBBE7F97-A2EB-4F56-A6BB-AEB455F43CF5}.Debug|Any CPU.Build.0 = Debug|Any CPU
		{DBBE7F97-A2EB-4F56-A6BB-AEB455F43CF5}.Debug|x86.ActiveCfg = Debug|Any CPU
		{DBBE7F97-A2EB-4F56-A6BB-AEB455F43CF5}.Debug|x86.Build.0 = Debug|Any CPU
		{DBBE7F97-A2EB-4F56-A6BB-AEB455F43CF5}.Release|Any CPU.ActiveCfg = Release|Any CPU
		{DBBE7F97-A2EB-4F56-A6BB-AEB455F43CF5}.Release|Any CPU.Build.0 = Release|Any CPU
		{DBBE7F97-A2EB-4F56-A6BB-AEB455F43CF5}.Release|x86.ActiveCfg = Release|Any CPU
		{DBBE7F97-A2EB-4F56-A6BB-AEB455F43CF5}.Release|x86.Build.0 = Release|Any CPU
		{EFC62DCA-BE25-4699-BA7A-445E0B34D3FA}.Debug|Any CPU.ActiveCfg = Debug|Any CPU
		{EFC62DCA-BE25-4699-BA7A-445E0B34D3FA}.Debug|Any CPU.Build.0 = Debug|Any CPU
		{EFC62DCA-BE25-4699-BA7A-445E0B34D3FA}.Debug|x86.ActiveCfg = Debug|Any CPU
		{EFC62DCA-BE25-4699-BA7A-445E0B34D3FA}.Debug|x86.Build.0 = Debug|Any CPU
		{EFC62DCA-BE25-4699-BA7A-445E0B34D3FA}.Release|Any CPU.ActiveCfg = Release|Any CPU
		{EFC62DCA-BE25-4699-BA7A-445E0B34D3FA}.Release|Any CPU.Build.0 = Release|Any CPU
		{EFC62DCA-BE25-4699-BA7A-445E0B34D3FA}.Release|x86.ActiveCfg = Release|Any CPU
		{EFC62DCA-BE25-4699-BA7A-445E0B34D3FA}.Release|x86.Build.0 = Release|Any CPU
		{136EB190-87C5-454D-A866-C65FD6C5F8BB}.Debug|Any CPU.ActiveCfg = Debug|Any CPU
		{136EB190-87C5-454D-A866-C65FD6C5F8BB}.Debug|Any CPU.Build.0 = Debug|Any CPU
		{136EB190-87C5-454D-A866-C65FD6C5F8BB}.Debug|x86.ActiveCfg = Debug|Any CPU
		{136EB190-87C5-454D-A866-C65FD6C5F8BB}.Debug|x86.Build.0 = Debug|Any CPU
		{136EB190-87C5-454D-A866-C65FD6C5F8BB}.Release|Any CPU.ActiveCfg = Release|Any CPU
		{136EB190-87C5-454D-A866-C65FD6C5F8BB}.Release|Any CPU.Build.0 = Release|Any CPU
		{136EB190-87C5-454D-A866-C65FD6C5F8BB}.Release|x86.ActiveCfg = Release|Any CPU
		{136EB190-87C5-454D-A866-C65FD6C5F8BB}.Release|x86.Build.0 = Release|Any CPU
		{36045D9C-C273-45AB-BDAB-965B91914DCF}.Debug|Any CPU.ActiveCfg = Debug|Any CPU
		{36045D9C-C273-45AB-BDAB-965B91914DCF}.Debug|Any CPU.Build.0 = Debug|Any CPU
		{36045D9C-C273-45AB-BDAB-965B91914DCF}.Debug|x86.ActiveCfg = Debug|Any CPU
		{36045D9C-C273-45AB-BDAB-965B91914DCF}.Debug|x86.Build.0 = Debug|Any CPU
		{36045D9C-C273-45AB-BDAB-965B91914DCF}.Release|Any CPU.ActiveCfg = Release|Any CPU
		{36045D9C-C273-45AB-BDAB-965B91914DCF}.Release|Any CPU.Build.0 = Release|Any CPU
		{36045D9C-C273-45AB-BDAB-965B91914DCF}.Release|x86.ActiveCfg = Release|Any CPU
		{36045D9C-C273-45AB-BDAB-965B91914DCF}.Release|x86.Build.0 = Release|Any CPU
		{1B2AFDF1-6B01-42EA-A865-FAF508AF2F51}.Debug|Any CPU.ActiveCfg = Debug|Any CPU
		{1B2AFDF1-6B01-42EA-A865-FAF508AF2F51}.Debug|Any CPU.Build.0 = Debug|Any CPU
		{1B2AFDF1-6B01-42EA-A865-FAF508AF2F51}.Debug|x86.ActiveCfg = Debug|Any CPU
		{1B2AFDF1-6B01-42EA-A865-FAF508AF2F51}.Debug|x86.Build.0 = Debug|Any CPU
		{1B2AFDF1-6B01-42EA-A865-FAF508AF2F51}.Release|Any CPU.ActiveCfg = Release|Any CPU
		{1B2AFDF1-6B01-42EA-A865-FAF508AF2F51}.Release|Any CPU.Build.0 = Release|Any CPU
		{1B2AFDF1-6B01-42EA-A865-FAF508AF2F51}.Release|x86.ActiveCfg = Release|Any CPU
		{1B2AFDF1-6B01-42EA-A865-FAF508AF2F51}.Release|x86.Build.0 = Release|Any CPU
		{70337588-3B2B-49F6-A0DF-E1C27CD608B3}.Debug|Any CPU.ActiveCfg = Debug|Any CPU
		{70337588-3B2B-49F6-A0DF-E1C27CD608B3}.Debug|Any CPU.Build.0 = Debug|Any CPU
		{70337588-3B2B-49F6-A0DF-E1C27CD608B3}.Debug|x86.ActiveCfg = Debug|Any CPU
		{70337588-3B2B-49F6-A0DF-E1C27CD608B3}.Debug|x86.Build.0 = Debug|Any CPU
		{70337588-3B2B-49F6-A0DF-E1C27CD608B3}.Release|Any CPU.ActiveCfg = Release|Any CPU
		{70337588-3B2B-49F6-A0DF-E1C27CD608B3}.Release|Any CPU.Build.0 = Release|Any CPU
		{70337588-3B2B-49F6-A0DF-E1C27CD608B3}.Release|x86.ActiveCfg = Release|Any CPU
		{70337588-3B2B-49F6-A0DF-E1C27CD608B3}.Release|x86.Build.0 = Release|Any CPU
	EndGlobalSection
	GlobalSection(SolutionProperties) = preSolution
		HideSolutionNode = FALSE
	EndGlobalSection
	GlobalSection(NestedProjects) = preSolution
		{DBBE7F97-A2EB-4F56-A6BB-AEB455F43CF5} = {DD7DD824-5FD5-4069-A0D5-2C311265192A}
		{EFC62DCA-BE25-4699-BA7A-445E0B34D3FA} = {DD7DD824-5FD5-4069-A0D5-2C311265192A}
		{136EB190-87C5-454D-A866-C65FD6C5F8BB} = {DD7DD824-5FD5-4069-A0D5-2C311265192A}
		{36045D9C-C273-45AB-BDAB-965B91914DCF} = {DD7DD824-5FD5-4069-A0D5-2C311265192A}
		{1B2AFDF1-6B01-42EA-A865-FAF508AF2F51} = {DD7DD824-5FD5-4069-A0D5-2C311265192A}
		{70337588-3B2B-49F6-A0DF-E1C27CD608B3} = {DD7DD824-5FD5-4069-A0D5-2C311265192A}
	EndGlobalSection
	GlobalSection(ExtensibilityGlobals) = postSolution
		SolutionGuid = {F15FD5E0-3282-446A-AEF7-1B346BF3C240}
	EndGlobalSection
EndGlobal
